
Microsoft Visual Studio Solution File, Format Version 12.00
# Visual Studio 14
VisualStudioVersion = 14.0.25123.0
MinimumVisualStudioVersion = 10.0.40219.1
Project("{2A4A82BF-90E3-41F9-B24D-3B781B7BF37C}") = "Sitecore.Support.94772", "Sitecore.Support.94772\Sitecore.Support.94772.csproj", "{87389F09-AC87-4A74-B9E1-39B7C6090682}"
EndProject
Global
	GlobalSection(SolutionConfigurationPlatforms) = preSolution
		Debug|Any CPU = Debug|Any CPU
		Release|Any CPU = Release|Any CPU
	EndGlobalSection
	GlobalSection(ProjectConfigurationPlatforms) = postSolution
		{87389F09-AC87-4A74-B9E1-39B7C6090682}.Debug|Any CPU.ActiveCfg = Debug|Any CPU
		{87389F09-AC87-4A74-B9E1-39B7C6090682}.Debug|Any CPU.Build.0 = Debug|Any CPU
		{87389F09-AC87-4A74-B9E1-39B7C6090682}.Release|Any CPU.ActiveCfg = Release|Any CPU
		{87389F09-AC87-4A74-B9E1-39B7C6090682}.Release|Any CPU.Build.0 = Release|Any CPU
	EndGlobalSection
	GlobalSection(SolutionProperties) = preSolution
		HideSolutionNode = FALSE
	EndGlobalSection
EndGlobal
